github.com/spark4862/workspacetest/pkga v0.1.1 h1:bn1utUgMfvbptXC5NU3YMUev639YmPBoqkz8QBcstmw=
github.com/spark4862/workspacetest/pkga v0.1.1/go.mod h1:AWOVNTH3WKja4DtXunim/ZBHXzBzRB+x6zru7W8RTjs=
github.com/spark4862/workspacetest/pkga v0.2.0 h1:d9wYvL5OA3PxkJihHqt0FBD5oz5+/oRtuBvdE+NnQvw=
github.com/spark4862/workspacetest/pkga v0.2.0/go.mod h1:AWOVNTH3WKja4DtXunim/ZBHXzBzRB+x6zru7W8RTjs=
